
Microsoft Visual Studio Solution File, Format Version 12.00
# Visual Studio 2012
Project("{FAE04EC0-301F-11D3-BF4B-00C04F79EFBC}") = "V-Fit_Fitness_Tracker", "V-Fit_Fitness_Tracker\V-Fit_Fitness_Tracker.csproj", "{C45DB020-7DD1-49B2-8314-2F77A2C4440C}"
EndProject
Global
	GlobalSection(SolutionConfigurationPlatforms) = preSolution
		Debug|Any CPU = Debug|Any CPU
		Release|Any CPU = Release|Any CPU
	EndGlobalSection
	GlobalSection(ProjectConfigurationPlatforms) = postSolution
		{C45DB020-7DD1-49B2-8314-2F77A2C4440C}.Debug|Any CPU.ActiveCfg = Debug|Any CPU
		{C45DB020-7DD1-49B2-8314-2F77A2C4440C}.Debug|Any CPU.Build.0 = Debug|Any CPU
		{C45DB020-7DD1-49B2-8314-2F77A2C4440C}.Release|Any CPU.ActiveCfg = Release|Any CPU
		{C45DB020-7DD1-49B2-8314-2F77A2C4440C}.Release|Any CPU.Build.0 = Release|Any CPU
	EndGlobalSection
	GlobalSection(SolutionProperties) = preSolution
		HideSolutionNode = FALSE
	EndGlobalSection
EndGlobal
